// !$*UTF8*$!
{
	archiveVersion = 1;
	classes = {
	};
	objectVersion = 54;
	objects = {

/* Begin PBXBuildFile section */
		0C80B921A6F3F58F76C31292 /* libPods-Milan.a in Frameworks */ = {isa = PBXBuildFile; fileRef = 5DCACB8F33CDC322A6C60F78 /* libPods-Milan.a */; };
		13B07FBF1A68108700A75B9A /* Images.xcassets in Resources */ = {isa = PBXBuildFile; fileRef = 13B07FB51A68108700A75B9A /* Images.xcassets */; };
		761780ED2CA45674006654EE /* AppDelegate.swift in Sources */ = {isa = PBXBuildFile; fileRef = 761780EC2CA45674006654EE /* AppDelegate.swift */; };
		81AB9BB82411601600AC10FF /* LaunchScreen.storyboard in Resources */ = {isa = PBXBuildFile; fileRef = 81AB9BB72411601600AC10FF /* LaunchScreen.storyboard */; };
		24E3A214C84444079EDA9AE2 /* Urbanist-Black.ttf in Resources */ = {isa = PBXBuildFile; fileRef = C9BB1C532DC64362B7A81645 /* Urbanist-Black.ttf */; };
		895EF41C1BA24208A4CD25CB /* Urbanist-BlackItalic.ttf in Resources */ = {isa = PBXBuildFile; fileRef = 86772F2E8D4E4376B28189AF /* Urbanist-BlackItalic.ttf */; };
		7FFEB63B93994708BB1C16F6 /* Urbanist-Bold.ttf in Resources */ = {isa = PBXBuildFile; fileRef = F57B2EE5CA964809A969BCED /* Urbanist-Bold.ttf */; };
		6B5420245F814262B611954C /* Urbanist-BoldItalic.ttf in Resources */ = {isa = PBXBuildFile; fileRef = B791E6A0D9C142148CCD4285 /* Urbanist-BoldItalic.ttf */; };
		294B4A0A45534C29908CE69C /* Urbanist-ExtraBold.ttf in Resources */ = {isa = PBXBuildFile; fileRef = 00C036D7CC274F5F8E8CBF6C /* Urbanist-ExtraBold.ttf */; };
		28D8FFDFD9074284B5DDCF22 /* Urbanist-ExtraBoldItalic.ttf in Resources */ = {isa = PBXBuildFile; fileRef = 6B29001259D445C5AC9E02E5 /* Urbanist-ExtraBoldItalic.ttf */; };
		39CA492CA6A04E0F8E1C97EB /* Urbanist-ExtraLight.ttf in Resources */ = {isa = PBXBuildFile; fileRef = 3AD34E0A9CE34C52B00B0213 /* Urbanist-ExtraLight.ttf */; };
		E1397EC7291B44DF81B5736A /* Urbanist-ExtraLightItalic.ttf in Resources */ = {isa = PBXBuildFile; fileRef = BAAF7D5693E7439590E4CB26 /* Urbanist-ExtraLightItalic.ttf */; };
		9AF2AC105E484ADBA8F20629 /* Urbanist-Italic.ttf in Resources */ = {isa = PBXBuildFile; fileRef = C163927F72BD48269FB6CF72 /* Urbanist-Italic.ttf */; };
		215772C348B541828B499C00 /* Urbanist-Light.ttf in Resources */ = {isa = PBXBuildFile; fileRef = 19D015ACF5B24FFABF89C40F /* Urbanist-Light.ttf */; };
		2953FC21EB0A49AD8424AB3C /* Urbanist-LightItalic.ttf in Resources */ = {isa = PBXBuildFile; fileRef = 967950EBBA6F43709B6D81DE /* Urbanist-LightItalic.ttf */; };
		70C7AF8DB6EF4E2AAAFDAD95 /* Urbanist-Medium.ttf in Resources */ = {isa = PBXBuildFile; fileRef = 25D1A7E6E8BC429885CA0734 /* Urbanist-Medium.ttf */; };
		D0FB6DE77A7F41619FAD2E99 /* Urbanist-MediumItalic.ttf in Resources */ = {isa = PBXBuildFile; fileRef = 0558089F37464A36843B1151 /* Urbanist-MediumItalic.ttf */; };
		CE2CC21CB09F418B9FC38272 /* Urbanist-Regular.ttf in Resources */ = {isa = PBXBuildFile; fileRef = 3FF6CA38CFD5497687143B18 /* Urbanist-Regular.ttf */; };
		9FA100F1C737482CA843FB90 /* Urbanist-SemiBold.ttf in Resources */ = {isa = PBXBuildFile; fileRef = 0F456103AEAF4DF2BF04A1EE /* Urbanist-SemiBold.ttf */; };
		EEBD959B61894F5DB7D9155B /* Urbanist-SemiBoldItalic.ttf in Resources */ = {isa = PBXBuildFile; fileRef = CF16D14AD10F4D7E887C89F6 /* Urbanist-SemiBoldItalic.ttf */; };
		E892346DA49B4B049288D32F /* Urbanist-Thin.ttf in Resources */ = {isa = PBXBuildFile; fileRef = 6CD605230FC141E9891F604F /* Urbanist-Thin.ttf */; };
		FB1EBEFCD16C43CC9978193B /* Urbanist-ThinItalic.ttf in Resources */ = {isa = PBXBuildFile; fileRef = DE436BD43B0946FBA237F870 /* Urbanist-ThinItalic.ttf */; };
		1836C8385D25492E8A4AA245 /* Inter_18pt-Black.ttf in Resources */ = {isa = PBXBuildFile; fileRef = 3B66CA1F3CC1443C8B4B634C /* Inter_18pt-Black.ttf */; };
		97112F7D8CA148C3B00903C6 /* Inter_18pt-BlackItalic.ttf in Resources */ = {isa = PBXBuildFile; fileRef = 10CE698E9A23402CB6D0EA30 /* Inter_18pt-BlackItalic.ttf */; };
		3F86499886C94A06A38040B4 /* Inter_18pt-Bold.ttf in Resources */ = {isa = PBXBuildFile; fileRef = 9929FC35652D43A09279D396 /* Inter_18pt-Bold.ttf */; };
		6EC3148950A84E4A91F65086 /* Inter_18pt-BoldItalic.ttf in Resources */ = {isa = PBXBuildFile; fileRef = 3250D4E113F547A5A311AB51 /* Inter_18pt-BoldItalic.ttf */; };
		05C6395B0FA04A6E85968BAE /* Inter_18pt-ExtraBold.ttf in Resources */ = {isa = PBXBuildFile; fileRef = A16E87B635944FBCBA779A5C /* Inter_18pt-ExtraBold.ttf */; };
		AC1AEC3D78B8477988E79ED0 /* Inter_18pt-ExtraBoldItalic.ttf in Resources */ = {isa = PBXBuildFile; fileRef = 57C8FE726890479F87E6B9C7 /* Inter_18pt-ExtraBoldItalic.ttf */; };
		B05AA88674A6444EAAE4CD9A /* Inter_18pt-ExtraLight.ttf in Resources */ = {isa = PBXBuildFile; fileRef = 0F9776596BBC413AA3CA3185 /* Inter_18pt-ExtraLight.ttf */; };
		B9F45FAC91F042D89E5127F0 /* Inter_18pt-ExtraLightItalic.ttf in Resources */ = {isa = PBXBuildFile; fileRef = BE52651F4FF44B6EB01A899F /* Inter_18pt-ExtraLightItalic.ttf */; };
		08046B804E094F6DAC4F34A8 /* Inter_18pt-Italic.ttf in Resources */ = {isa = PBXBuildFile; fileRef = C18313F3B78C447EA6624828 /* Inter_18pt-Italic.ttf */; };
		842C3BA0FBC84AE7A5CD1555 /* Inter_18pt-Light.ttf in Resources */ = {isa = PBXBuildFile; fileRef = 0C10BC54BF3E4926B1530D4B /* Inter_18pt-Light.ttf */; };
		BCF7A3BEC25B4BEA91432BAB /* Inter_18pt-LightItalic.ttf in Resources */ = {isa = PBXBuildFile; fileRef = ADDA32689B2E43ADB891E2CA /* Inter_18pt-LightItalic.ttf */; };
		FF6776076E7F4F94AB17F1A9 /* Inter_18pt-Medium.ttf in Resources */ = {isa = PBXBuildFile; fileRef = 5B53EDD2D14F4EA39320FB75 /* Inter_18pt-Medium.ttf */; };
		446FEE03A56049D3B25CB9A1 /* Inter_18pt-MediumItalic.ttf in Resources */ = {isa = PBXBuildFile; fileRef = 84C732FF3A41433096D26565 /* Inter_18pt-MediumItalic.ttf */; };
		8DBAFEB0EAAB4304AED9ABA6 /* Inter_18pt-Regular.ttf in Resources */ = {isa = PBXBuildFile; fileRef = 5CB7BCBA86F64E609154EFDD /* Inter_18pt-Regular.ttf */; };
		D61DBCC59675466E8FA33388 /* Inter_18pt-SemiBold.ttf in Resources */ = {isa = PBXBuildFile; fileRef = 7BA3826BE46246E3AB43D4BB /* Inter_18pt-SemiBold.ttf */; };
		878C476794B04F91A7663206 /* Inter_18pt-SemiBoldItalic.ttf in Resources */ = {isa = PBXBuildFile; fileRef = ED7C01117E204C9D92BA06A0 /* Inter_18pt-SemiBoldItalic.ttf */; };
		F929BEE04D7045D586E63228 /* Inter_18pt-Thin.ttf in Resources */ = {isa = PBXBuildFile; fileRef = 2186EB62DF9B478AA47609BE /* Inter_18pt-Thin.ttf */; };
		53A73BF8FDE440669CE29324 /* Inter_18pt-ThinItalic.ttf in Resources */ = {isa = PBXBuildFile; fileRef = 288C22B69539420386B5666B /* Inter_18pt-ThinItalic.ttf */; };
		8CE741FE41174A80BBB36ADD /* Inter_24pt-Black.ttf in Resources */ = {isa = PBXBuildFile; fileRef = 1DC3529C6CC041CB8D682FA5 /* Inter_24pt-Black.ttf */; };
		1B347848968D4703819B490A /* Inter_24pt-BlackItalic.ttf in Resources */ = {isa = PBXBuildFile; fileRef = 241EFED7D5ED4535ACE2FA47 /* Inter_24pt-BlackItalic.ttf */; };
		72CED876E03845B4825A1112 /* Inter_24pt-Bold.ttf in Resources */ = {isa = PBXBuildFile; fileRef = 1F6AFFB7AED4441F90F83052 /* Inter_24pt-Bold.ttf */; };
		7FBC1855527D4DFBAA0E7654 /* Inter_24pt-BoldItalic.ttf in Resources */ = {isa = PBXBuildFile; fileRef = EAEC993B6C254D1DA6FF44EE /* Inter_24pt-BoldItalic.ttf */; };
		3467F6AD80DE42D2A6C72D3F /* Inter_24pt-ExtraBold.ttf in Resources */ = {isa = PBXBuildFile; fileRef = 5BE46B57BDAF44E2875B6186 /* Inter_24pt-ExtraBold.ttf */; };
		EF78B8BAFF334B0C9A4CD6CA /* Inter_24pt-ExtraBoldItalic.ttf in Resources */ = {isa = PBXBuildFile; fileRef = FF03D32C3F2C4E0C93D16043 /* Inter_24pt-ExtraBoldItalic.ttf */; };
		6EC9C25FA0E04D3B99F26E43 /* Inter_24pt-ExtraLight.ttf in Resources */ = {isa = PBXBuildFile; fileRef = 9A90BFF9545E4D189E1C352B /* Inter_24pt-ExtraLight.ttf */; };
		FC1A4C42687A4668A69CDB26 /* Inter_24pt-ExtraLightItalic.ttf in Resources */ = {isa = PBXBuildFile; fileRef = 5967399BFB8C4C81ABE259CB /* Inter_24pt-ExtraLightItalic.ttf */; };
		F646D496298649A58372E460 /* Inter_24pt-Italic.ttf in Resources */ = {isa = PBXBuildFile; fileRef = F18691FBCC174873A8746CE4 /* Inter_24pt-Italic.ttf */; };
		1CF726CD4A284BD1AE6C8B00 /* Inter_24pt-Light.ttf in Resources */ = {isa = PBXBuildFile; fileRef = 8175D8AA689D423986E1E4B3 /* Inter_24pt-Light.ttf */; };
		4D51CF5EFE7040B7AA634556 /* Inter_24pt-LightItalic.ttf in Resources */ = {isa = PBXBuildFile; fileRef = 367120F9270A4AECAE746BFA /* Inter_24pt-LightItalic.ttf */; };
		D48FDF012BD64CD881BCBD0C /* Inter_24pt-Medium.ttf in Resources */ = {isa = PBXBuildFile; fileRef = 4549BA48A49E4CA4BE11B5A5 /* Inter_24pt-Medium.ttf */; };
		6A7DC2E3F41C43978CEF190D /* Inter_24pt-MediumItalic.ttf in Resources */ = {isa = PBXBuildFile; fileRef = B411160E3AC54A9499A7FFAC /* Inter_24pt-MediumItalic.ttf */; };
		748F14BE63604010B3C179D3 /* Inter_24pt-Regular.ttf in Resources */ = {isa = PBXBuildFile; fileRef = 1E78EE24799C4F14852C59DD /* Inter_24pt-Regular.ttf */; };
		A7C8CBF44A7842E79F9755D5 /* Inter_24pt-SemiBold.ttf in Resources */ = {isa = PBXBuildFile; fileRef = 8B3F36A4B4A04A0BA2A59761 /* Inter_24pt-SemiBold.ttf */; };
		A7A117068CF24EACB111AB6F /* Inter_24pt-SemiBoldItalic.ttf in Resources */ = {isa = PBXBuildFile; fileRef = F996E1631A1D4B239A38CA09 /* Inter_24pt-SemiBoldItalic.ttf */; };
		F178CA090FFD4678AE45C41B /* Inter_24pt-Thin.ttf in Resources */ = {isa = PBXBuildFile; fileRef = EC9F438743134507B1CFE7A5 /* Inter_24pt-Thin.ttf */; };
		69E99B8FB9FF4A3F9DAFFA13 /* Inter_24pt-ThinItalic.ttf in Resources */ = {isa = PBXBuildFile; fileRef = 0E7C307CEA7240EA8565B4E2 /* Inter_24pt-ThinItalic.ttf */; };
		27C9C687892B477C9197B712 /* Inter_28pt-Black.ttf in Resources */ = {isa = PBXBuildFile; fileRef = 3C94BA3EB2F34E35A314203E /* Inter_28pt-Black.ttf */; };
		1916E14421044AD29167AB49 /* Inter_28pt-BlackItalic.ttf in Resources */ = {isa = PBXBuildFile; fileRef = 521077C2C6184E608C81582A /* Inter_28pt-BlackItalic.ttf */; };
		16BB8DB4FBEC47BB9D19860C /* Inter_28pt-Bold.ttf in Resources */ = {isa = PBXBuildFile; fileRef = 9DA2E8572B5E4C7BAEB6324E /* Inter_28pt-Bold.ttf */; };
		1B51BBEF246F4C278F0A326B /* Inter_28pt-BoldItalic.ttf in Resources */ = {isa = PBXBuildFile; fileRef = C33BDC5576564402A3A4E676 /* Inter_28pt-BoldItalic.ttf */; };
		1FEF4870FAD8445685FC2A2B /* Inter_28pt-ExtraBold.ttf in Resources */ = {isa = PBXBuildFile; fileRef = A59C1AD73D34496E98107E43 /* Inter_28pt-ExtraBold.ttf */; };
		76AEC2FE29D1416E80CD1FE6 /* Inter_28pt-ExtraBoldItalic.ttf in Resources */ = {isa = PBXBuildFile; fileRef = 8B995BC866E24CCF9C79100E /* Inter_28pt-ExtraBoldItalic.ttf */; };
		80C36BD134B94E84AE306E4B /* Inter_28pt-ExtraLight.ttf in Resources */ = {isa = PBXBuildFile; fileRef = 3574A03E7B9F4888A834DC65 /* Inter_28pt-ExtraLight.ttf */; };
		8BA255EEC2A04BAFA756FF42 /* Inter_28pt-ExtraLightItalic.ttf in Resources */ = {isa = PBXBuildFile; fileRef = 48851DF261B94965B32FE7A9 /* Inter_28pt-ExtraLightItalic.ttf */; };
		02F9AAF372D947B6AF3FC110 /* Inter_28pt-Italic.ttf in Resources */ = {isa = PBXBuildFile; fileRef = DEC5E37C85BD4B47A011A844 /* Inter_28pt-Italic.ttf */; };
		902C254022BB43A8B5BBD5C1 /* Inter_28pt-Light.ttf in Resources */ = {isa = PBXBuildFile; fileRef = 98367003991A47B69A34ACC3 /* Inter_28pt-Light.ttf */; };
		5CF21313996B475CAB66D58A /* Inter_28pt-LightItalic.ttf in Resources */ = {isa = PBXBuildFile; fileRef = BE9B5FF1CBD1486D978288BF /* Inter_28pt-LightItalic.ttf */; };
		1FE82C518C0941BE929C9672 /* Inter_28pt-Medium.ttf in Resources */ = {isa = PBXBuildFile; fileRef = E226064063294937814A2D1A /* Inter_28pt-Medium.ttf */; };
		B9883D2B045B455796A31A2C /* Inter_28pt-MediumItalic.ttf in Resources */ = {isa = PBXBuildFile; fileRef = 823DB7C895C34348863C8454 /* Inter_28pt-MediumItalic.ttf */; };
		B6959E2EB6044EBAA275192B /* Inter_28pt-Regular.ttf in Resources */ = {isa = PBXBuildFile; fileRef = F574DCDE3998460BAA88426B /* Inter_28pt-Regular.ttf */; };
		F3725285C76146868AD76E95 /* Inter_28pt-SemiBold.ttf in Resources */ = {isa = PBXBuildFile; fileRef = F397E7C74DF54A34BC869C97 /* Inter_28pt-SemiBold.ttf */; };
		89D1FE489AC24AFA8A9E2635 /* Inter_28pt-SemiBoldItalic.ttf in Resources */ = {isa = PBXBuildFile; fileRef = D420E8F1C84846C6844B34C6 /* Inter_28pt-SemiBoldItalic.ttf */; };
		A767075D884B4922AC260F86 /* Inter_28pt-Thin.ttf in Resources */ = {isa = PBXBuildFile; fileRef = 998F8443CEED4E7FAF720AAD /* Inter_28pt-Thin.ttf */; };
		1AB7209905F7452E828CBEBA /* Inter_28pt-ThinItalic.ttf in Resources */ = {isa = PBXBuildFile; fileRef = 548C191D048049DD921CA467 /* Inter_28pt-ThinItalic.ttf */; };
/* End PBXBuildFile section */

/* Begin PBXFileReference section */
		13B07F961A680F5B00A75B9A /* Milan.app */ = {isa = PBXFileReference; explicitFileType = wrapper.application; includeInIndex = 0; path = Milan.app; sourceTree = BUILT_PRODUCTS_DIR; };
		13B07FB51A68108700A75B9A /* Images.xcassets */ = {isa = PBXFileReference; lastKnownFileType = folder.assetcatalog; name = Images.xcassets; path = Milan/Images.xcassets; sourceTree = "<group>"; };
		13B07FB61A68108700A75B9A /* Info.plist */ = {isa = PBXFileReference; fileEncoding = 4; lastKnownFileType = text.plist.xml; name = Info.plist; path = Milan/Info.plist; sourceTree = "<group>"; };
		13B07FB81A68108700A75B9A /* PrivacyInfo.xcprivacy */ = {isa = PBXFileReference; fileEncoding = 4; lastKnownFileType = text.plist.xml; name = PrivacyInfo.xcprivacy; path = Milan/PrivacyInfo.xcprivacy; sourceTree = "<group>"; };
		3B4392A12AC88292D35C810B /* Pods-Milan.debug.xcconfig */ = {isa = PBXFileReference; includeInIndex = 1; lastKnownFileType = text.xcconfig; name = "Pods-Milan.debug.xcconfig"; path = "Target Support Files/Pods-Milan/Pods-Milan.debug.xcconfig"; sourceTree = "<group>"; };
		5709B34CF0A7D63546082F79 /* Pods-Milan.release.xcconfig */ = {isa = PBXFileReference; includeInIndex = 1; lastKnownFileType = text.xcconfig; name = "Pods-Milan.release.xcconfig"; path = "Target Support Files/Pods-Milan/Pods-Milan.release.xcconfig"; sourceTree = "<group>"; };
		5DCACB8F33CDC322A6C60F78 /* libPods-Milan.a */ = {isa = PBXFileReference; explicitFileType = archive.ar; includeInIndex = 0; path = "libPods-Milan.a"; sourceTree = BUILT_PRODUCTS_DIR; };
		761780EC2CA45674006654EE /* AppDelegate.swift */ = {isa = PBXFileReference; lastKnownFileType = sourcecode.swift; name = AppDelegate.swift; path = Milan/AppDelegate.swift; sourceTree = "<group>"; };
		81AB9BB72411601600AC10FF /* LaunchScreen.storyboard */ = {isa = PBXFileReference; fileEncoding = 4; lastKnownFileType = file.storyboard; name = LaunchScreen.storyboard; path = Milan/LaunchScreen.storyboard; sourceTree = "<group>"; };
		ED297162215061F000B7C4FE /* JavaScriptCore.framework */ = {isa = PBXFileReference; lastKnownFileType = wrapper.framework; name = JavaScriptCore.framework; path = System/Library/Frameworks/JavaScriptCore.framework; sourceTree = SDKROOT; };
		C9BB1C532DC64362B7A81645 /* Urbanist-Black.ttf */ = {isa = PBXFileReference; name = "Urbanist-Black.ttf"; path = "../src/assets/Fonts/Urbanist-Black.ttf"; sourceTree = "<group>"; fileEncoding = undefined; lastKnownFileType = unknown; explicitFileType = undefined; includeInIndex = 0; };
		86772F2E8D4E4376B28189AF /* Urbanist-BlackItalic.ttf */ = {isa = PBXFileReference; name = "Urbanist-BlackItalic.ttf"; path = "../src/assets/Fonts/Urbanist-BlackItalic.ttf"; sourceTree = "<group>"; fileEncoding = undefined; lastKnownFileType = unknown; explicitFileType = undefined; includeInIndex = 0; };
		F57B2EE5CA964809A969BCED /* Urbanist-Bold.ttf */ = {isa = PBXFileReference; name = "Urbanist-Bold.ttf"; path = "../src/assets/Fonts/Urbanist-Bold.ttf"; sourceTree = "<group>"; fileEncoding = undefined; lastKnownFileType = unknown; explicitFileType = undefined; includeInIndex = 0; };
		B791E6A0D9C142148CCD4285 /* Urbanist-BoldItalic.ttf */ = {isa = PBXFileReference; name = "Urbanist-BoldItalic.ttf"; path = "../src/assets/Fonts/Urbanist-BoldItalic.ttf"; sourceTree = "<group>"; fileEncoding = undefined; lastKnownFileType = unknown; explicitFileType = undefined; includeInIndex = 0; };
		00C036D7CC274F5F8E8CBF6C /* Urbanist-ExtraBold.ttf */ = {isa = PBXFileReference; name = "Urbanist-ExtraBold.ttf"; path = "../src/assets/Fonts/Urbanist-ExtraBold.ttf"; sourceTree = "<group>"; fileEncoding = undefined; lastKnownFileType = unknown; explicitFileType = undefined; includeInIndex = 0; };
		6B29001259D445C5AC9E02E5 /* Urbanist-ExtraBoldItalic.ttf */ = {isa = PBXFileReference; name = "Urbanist-ExtraBoldItalic.ttf"; path = "../src/assets/Fonts/Urbanist-ExtraBoldItalic.ttf"; sourceTree = "<group>"; fileEncoding = undefined; lastKnownFileType = unknown; explicitFileType = undefined; includeInIndex = 0; };
		3AD34E0A9CE34C52B00B0213 /* Urbanist-ExtraLight.ttf */ = {isa = PBXFileReference; name = "Urbanist-ExtraLight.ttf"; path = "../src/assets/Fonts/Urbanist-ExtraLight.ttf"; sourceTree = "<group>"; fileEncoding = undefined; lastKnownFileType = unknown; explicitFileType = undefined; includeInIndex = 0; };
		BAAF7D5693E7439590E4CB26 /* Urbanist-ExtraLightItalic.ttf */ = {isa = PBXFileReference; name = "Urbanist-ExtraLightItalic.ttf"; path = "../src/assets/Fonts/Urbanist-ExtraLightItalic.ttf"; sourceTree = "<group>"; fileEncoding = undefined; lastKnownFileType = unknown; explicitFileType = undefined; includeInIndex = 0; };
		C163927F72BD48269FB6CF72 /* Urbanist-Italic.ttf */ = {isa = PBXFileReference; name = "Urbanist-Italic.ttf"; path = "../src/assets/Fonts/Urbanist-Italic.ttf"; sourceTree = "<group>"; fileEncoding = undefined; lastKnownFileType = unknown; explicitFileType = undefined; includeInIndex = 0; };
		19D015ACF5B24FFABF89C40F /* Urbanist-Light.ttf */ = {isa = PBXFileReference; name = "Urbanist-Light.ttf"; path = "../src/assets/Fonts/Urbanist-Light.ttf"; sourceTree = "<group>"; fileEncoding = undefined; lastKnownFileType = unknown; explicitFileType = undefined; includeInIndex = 0; };
		967950EBBA6F43709B6D81DE /* Urbanist-LightItalic.ttf */ = {isa = PBXFileReference; name = "Urbanist-LightItalic.ttf"; path = "../src/assets/Fonts/Urbanist-LightItalic.ttf"; sourceTree = "<group>"; fileEncoding = undefined; lastKnownFileType = unknown; explicitFileType = undefined; includeInIndex = 0; };
		25D1A7E6E8BC429885CA0734 /* Urbanist-Medium.ttf */ = {isa = PBXFileReference; name = "Urbanist-Medium.ttf"; path = "../src/assets/Fonts/Urbanist-Medium.ttf"; sourceTree = "<group>"; fileEncoding = undefined; lastKnownFileType = unknown; explicitFileType = undefined; includeInIndex = 0; };
		0558089F37464A36843B1151 /* Urbanist-MediumItalic.ttf */ = {isa = PBXFileReference; name = "Urbanist-MediumItalic.ttf"; path = "../src/assets/Fonts/Urbanist-MediumItalic.ttf"; sourceTree = "<group>"; fileEncoding = undefined; lastKnownFileType = unknown; explicitFileType = undefined; includeInIndex = 0; };
		3FF6CA38CFD5497687143B18 /* Urbanist-Regular.ttf */ = {isa = PBXFileReference; name = "Urbanist-Regular.ttf"; path = "../src/assets/Fonts/Urbanist-Regular.ttf"; sourceTree = "<group>"; fileEncoding = undefined; lastKnownFileType = unknown; explicitFileType = undefined; includeInIndex = 0; };
		0F456103AEAF4DF2BF04A1EE /* Urbanist-SemiBold.ttf */ = {isa = PBXFileReference; name = "Urbanist-SemiBold.ttf"; path = "../src/assets/Fonts/Urbanist-SemiBold.ttf"; sourceTree = "<group>"; fileEncoding = undefined; lastKnownFileType = unknown; explicitFileType = undefined; includeInIndex = 0; };
		CF16D14AD10F4D7E887C89F6 /* Urbanist-SemiBoldItalic.ttf */ = {isa = PBXFileReference; name = "Urbanist-SemiBoldItalic.ttf"; path = "../src/assets/Fonts/Urbanist-SemiBoldItalic.ttf"; sourceTree = "<group>"; fileEncoding = undefined; lastKnownFileType = unknown; explicitFileType = undefined; includeInIndex = 0; };
		6CD605230FC141E9891F604F /* Urbanist-Thin.ttf */ = {isa = PBXFileReference; name = "Urbanist-Thin.ttf"; path = "../src/assets/Fonts/Urbanist-Thin.ttf"; sourceTree = "<group>"; fileEncoding = undefined; lastKnownFileType = unknown; explicitFileType = undefined; includeInIndex = 0; };
		DE436BD43B0946FBA237F870 /* Urbanist-ThinItalic.ttf */ = {isa = PBXFileReference; name = "Urbanist-ThinItalic.ttf"; path = "../src/assets/Fonts/Urbanist-ThinItalic.ttf"; sourceTree = "<group>"; fileEncoding = undefined; lastKnownFileType = unknown; explicitFileType = undefined; includeInIndex = 0; };
		3B66CA1F3CC1443C8B4B634C /* Inter_18pt-Black.ttf */ = {isa = PBXFileReference; name = "Inter_18pt-Black.ttf"; path = "../src/assets/Fonts/Inter_18pt-Black.ttf"; sourceTree = "<group>"; fileEncoding = undefined; lastKnownFileType = unknown; explicitFileType = undefined; includeInIndex = 0; };
		10CE698E9A23402CB6D0EA30 /* Inter_18pt-BlackItalic.ttf */ = {isa = PBXFileReference; name = "Inter_18pt-BlackItalic.ttf"; path = "../src/assets/Fonts/Inter_18pt-BlackItalic.ttf"; sourceTree = "<group>"; fileEncoding = undefined; lastKnownFileType = unknown; explicitFileType = undefined; includeInIndex = 0; };
		9929FC35652D43A09279D396 /* Inter_18pt-Bold.ttf */ = {isa = PBXFileReference; name = "Inter_18pt-Bold.ttf"; path = "../src/assets/Fonts/Inter_18pt-Bold.ttf"; sourceTree = "<group>"; fileEncoding = undefined; lastKnownFileType = unknown; explicitFileType = undefined; includeInIndex = 0; };
		3250D4E113F547A5A311AB51 /* Inter_18pt-BoldItalic.ttf */ = {isa = PBXFileReference; name = "Inter_18pt-BoldItalic.ttf"; path = "../src/assets/Fonts/Inter_18pt-BoldItalic.ttf"; sourceTree = "<group>"; fileEncoding = undefined; lastKnownFileType = unknown; explicitFileType = undefined; includeInIndex = 0; };
		A16E87B635944FBCBA779A5C /* Inter_18pt-ExtraBold.ttf */ = {isa = PBXFileReference; name = "Inter_18pt-ExtraBold.ttf"; path = "../src/assets/Fonts/Inter_18pt-ExtraBold.ttf"; sourceTree = "<group>"; fileEncoding = undefined; lastKnownFileType = unknown; explicitFileType = undefined; includeInIndex = 0; };
		57C8FE726890479F87E6B9C7 /* Inter_18pt-ExtraBoldItalic.ttf */ = {isa = PBXFileReference; name = "Inter_18pt-ExtraBoldItalic.ttf"; path = "../src/assets/Fonts/Inter_18pt-ExtraBoldItalic.ttf"; sourceTree = "<group>"; fileEncoding = undefined; lastKnownFileType = unknown; explicitFileType = undefined; includeInIndex = 0; };
		0F9776596BBC413AA3CA3185 /* Inter_18pt-ExtraLight.ttf */ = {isa = PBXFileReference; name = "Inter_18pt-ExtraLight.ttf"; path = "../src/assets/Fonts/Inter_18pt-ExtraLight.ttf"; sourceTree = "<group>"; fileEncoding = undefined; lastKnownFileType = unknown; explicitFileType = undefined; includeInIndex = 0; };
		BE52651F4FF44B6EB01A899F /* Inter_18pt-ExtraLightItalic.ttf */ = {isa = PBXFileReference; name = "Inter_18pt-ExtraLightItalic.ttf"; path = "../src/assets/Fonts/Inter_18pt-ExtraLightItalic.ttf"; sourceTree = "<group>"; fileEncoding = undefined; lastKnownFileType = unknown; explicitFileType = undefined; includeInIndex = 0; };
		C18313F3B78C447EA6624828 /* Inter_18pt-Italic.ttf */ = {isa = PBXFileReference; name = "Inter_18pt-Italic.ttf"; path = "../src/assets/Fonts/Inter_18pt-Italic.ttf"; sourceTree = "<group>"; fileEncoding = undefined; lastKnownFileType = unknown; explicitFileType = undefined; includeInIndex = 0; };
		0C10BC54BF3E4926B1530D4B /* Inter_18pt-Light.ttf */ = {isa = PBXFileReference; name = "Inter_18pt-Light.ttf"; path = "../src/assets/Fonts/Inter_18pt-Light.ttf"; sourceTree = "<group>"; fileEncoding = undefined; lastKnownFileType = unknown; explicitFileType = undefined; includeInIndex = 0; };
		ADDA32689B2E43ADB891E2CA /* Inter_18pt-LightItalic.ttf */ = {isa = PBXFileReference; name = "Inter_18pt-LightItalic.ttf"; path = "../src/assets/Fonts/Inter_18pt-LightItalic.ttf"; sourceTree = "<group>"; fileEncoding = undefined; lastKnownFileType = unknown; explicitFileType = undefined; includeInIndex = 0; };
		5B53EDD2D14F4EA39320FB75 /* Inter_18pt-Medium.ttf */ = {isa = PBXFileReference; name = "Inter_18pt-Medium.ttf"; path = "../src/assets/Fonts/Inter_18pt-Medium.ttf"; sourceTree = "<group>"; fileEncoding = undefined; lastKnownFileType = unknown; explicitFileType = undefined; includeInIndex = 0; };
		84C732FF3A41433096D26565 /* Inter_18pt-MediumItalic.ttf */ = {isa = PBXFileReference; name = "Inter_18pt-MediumItalic.ttf"; path = "../src/assets/Fonts/Inter_18pt-MediumItalic.ttf"; sourceTree = "<group>"; fileEncoding = undefined; lastKnownFileType = unknown; explicitFileType = undefined; includeInIndex = 0; };
		5CB7BCBA86F64E609154EFDD /* Inter_18pt-Regular.ttf */ = {isa = PBXFileReference; name = "Inter_18pt-Regular.ttf"; path = "../src/assets/Fonts/Inter_18pt-Regular.ttf"; sourceTree = "<group>"; fileEncoding = undefined; lastKnownFileType = unknown; explicitFileType = undefined; includeInIndex = 0; };
		7BA3826BE46246E3AB43D4BB /* Inter_18pt-SemiBold.ttf */ = {isa = PBXFileReference; name = "Inter_18pt-SemiBold.ttf"; path = "../src/assets/Fonts/Inter_18pt-SemiBold.ttf"; sourceTree = "<group>"; fileEncoding = undefined; lastKnownFileType = unknown; explicitFileType = undefined; includeInIndex = 0; };
		ED7C01117E204C9D92BA06A0 /* Inter_18pt-SemiBoldItalic.ttf */ = {isa = PBXFileReference; name = "Inter_18pt-SemiBoldItalic.ttf"; path = "../src/assets/Fonts/Inter_18pt-SemiBoldItalic.ttf"; sourceTree = "<group>"; fileEncoding = undefined; lastKnownFileType = unknown; explicitFileType = undefined; includeInIndex = 0; };
		2186EB62DF9B478AA47609BE /* Inter_18pt-Thin.ttf */ = {isa = PBXFileReference; name = "Inter_18pt-Thin.ttf"; path = "../src/assets/Fonts/Inter_18pt-Thin.ttf"; sourceTree = "<group>"; fileEncoding = undefined; lastKnownFileType = unknown; explicitFileType = undefined; includeInIndex = 0; };
		288C22B69539420386B5666B /* Inter_18pt-ThinItalic.ttf */ = {isa = PBXFileReference; name = "Inter_18pt-ThinItalic.ttf"; path = "../src/assets/Fonts/Inter_18pt-ThinItalic.ttf"; sourceTree = "<group>"; fileEncoding = undefined; lastKnownFileType = unknown; explicitFileType = undefined; includeInIndex = 0; };
		1DC3529C6CC041CB8D682FA5 /* Inter_24pt-Black.ttf */ = {isa = PBXFileReference; name = "Inter_24pt-Black.ttf"; path = "../src/assets/Fonts/Inter_24pt-Black.ttf"; sourceTree = "<group>"; fileEncoding = undefined; lastKnownFileType = unknown; explicitFileType = undefined; includeInIndex = 0; };
		241EFED7D5ED4535ACE2FA47 /* Inter_24pt-BlackItalic.ttf */ = {isa = PBXFileReference; name = "Inter_24pt-BlackItalic.ttf"; path = "../src/assets/Fonts/Inter_24pt-BlackItalic.ttf"; sourceTree = "<group>"; fileEncoding = undefined; lastKnownFileType = unknown; explicitFileType = undefined; includeInIndex = 0; };
		1F6AFFB7AED4441F90F83052 /* Inter_24pt-Bold.ttf */ = {isa = PBXFileReference; name = "Inter_24pt-Bold.ttf"; path = "../src/assets/Fonts/Inter_24pt-Bold.ttf"; sourceTree = "<group>"; fileEncoding = undefined; lastKnownFileType = unknown; explicitFileType = undefined; includeInIndex = 0; };
		EAEC993B6C254D1DA6FF44EE /* Inter_24pt-BoldItalic.ttf */ = {isa = PBXFileReference; name = "Inter_24pt-BoldItalic.ttf"; path = "../src/assets/Fonts/Inter_24pt-BoldItalic.ttf"; sourceTree = "<group>"; fileEncoding = undefined; lastKnownFileType = unknown; explicitFileType = undefined; includeInIndex = 0; };
		5BE46B57BDAF44E2875B6186 /* Inter_24pt-ExtraBold.ttf */ = {isa = PBXFileReference; name = "Inter_24pt-ExtraBold.ttf"; path = "../src/assets/Fonts/Inter_24pt-ExtraBold.ttf"; sourceTree = "<group>"; fileEncoding = undefined; lastKnownFileType = unknown; explicitFileType = undefined; includeInIndex = 0; };
		FF03D32C3F2C4E0C93D16043 /* Inter_24pt-ExtraBoldItalic.ttf */ = {isa = PBXFileReference; name = "Inter_24pt-ExtraBoldItalic.ttf"; path = "../src/assets/Fonts/Inter_24pt-ExtraBoldItalic.ttf"; sourceTree = "<group>"; fileEncoding = undefined; lastKnownFileType = unknown; explicitFileType = undefined; includeInIndex = 0; };
		9A90BFF9545E4D189E1C352B /* Inter_24pt-ExtraLight.ttf */ = {isa = PBXFileReference; name = "Inter_24pt-ExtraLight.ttf"; path = "../src/assets/Fonts/Inter_24pt-ExtraLight.ttf"; sourceTree = "<group>"; fileEncoding = undefined; lastKnownFileType = unknown; explicitFileType = undefined; includeInIndex = 0; };
		5967399BFB8C4C81ABE259CB /* Inter_24pt-ExtraLightItalic.ttf */ = {isa = PBXFileReference; name = "Inter_24pt-ExtraLightItalic.ttf"; path = "../src/assets/Fonts/Inter_24pt-ExtraLightItalic.ttf"; sourceTree = "<group>"; fileEncoding = undefined; lastKnownFileType = unknown; explicitFileType = undefined; includeInIndex = 0; };
		F18691FBCC174873A8746CE4 /* Inter_24pt-Italic.ttf */ = {isa = PBXFileReference; name = "Inter_24pt-Italic.ttf"; path = "../src/assets/Fonts/Inter_24pt-Italic.ttf"; sourceTree = "<group>"; fileEncoding = undefined; lastKnownFileType = unknown; explicitFileType = undefined; includeInIndex = 0; };
		8175D8AA689D423986E1E4B3 /* Inter_24pt-Light.ttf */ = {isa = PBXFileReference; name = "Inter_24pt-Light.ttf"; path = "../src/assets/Fonts/Inter_24pt-Light.ttf"; sourceTree = "<group>"; fileEncoding = undefined; lastKnownFileType = unknown; explicitFileType = undefined; includeInIndex = 0; };
		367120F9270A4AECAE746BFA /* Inter_24pt-LightItalic.ttf */ = {isa = PBXFileReference; name = "Inter_24pt-LightItalic.ttf"; path = "../src/assets/Fonts/Inter_24pt-LightItalic.ttf"; sourceTree = "<group>"; fileEncoding = undefined; lastKnownFileType = unknown; explicitFileType = undefined; includeInIndex = 0; };
		4549BA48A49E4CA4BE11B5A5 /* Inter_24pt-Medium.ttf */ = {isa = PBXFileReference; name = "Inter_24pt-Medium.ttf"; path = "../src/assets/Fonts/Inter_24pt-Medium.ttf"; sourceTree = "<group>"; fileEncoding = undefined; lastKnownFileType = unknown; explicitFileType = undefined; includeInIndex = 0; };
		B411160E3AC54A9499A7FFAC /* Inter_24pt-MediumItalic.ttf */ = {isa = PBXFileReference; name = "Inter_24pt-MediumItalic.ttf"; path = "../src/assets/Fonts/Inter_24pt-MediumItalic.ttf"; sourceTree = "<group>"; fileEncoding = undefined; lastKnownFileType = unknown; explicitFileType = undefined; includeInIndex = 0; };
		1E78EE24799C4F14852C59DD /* Inter_24pt-Regular.ttf */ = {isa = PBXFileReference; name = "Inter_24pt-Regular.ttf"; path = "../src/assets/Fonts/Inter_24pt-Regular.ttf"; sourceTree = "<group>"; fileEncoding = undefined; lastKnownFileType = unknown; explicitFileType = undefined; includeInIndex = 0; };
		8B3F36A4B4A04A0BA2A59761 /* Inter_24pt-SemiBold.ttf */ = {isa = PBXFileReference; name = "Inter_24pt-SemiBold.ttf"; path = "../src/assets/Fonts/Inter_24pt-SemiBold.ttf"; sourceTree = "<group>"; fileEncoding = undefined; lastKnownFileType = unknown; explicitFileType = undefined; includeInIndex = 0; };
		F996E1631A1D4B239A38CA09 /* Inter_24pt-SemiBoldItalic.ttf */ = {isa = PBXFileReference; name = "Inter_24pt-SemiBoldItalic.ttf"; path = "../src/assets/Fonts/Inter_24pt-SemiBoldItalic.ttf"; sourceTree = "<group>"; fileEncoding = undefined; lastKnownFileType = unknown; explicitFileType = undefined; includeInIndex = 0; };
		EC9F438743134507B1CFE7A5 /* Inter_24pt-Thin.ttf */ = {isa = PBXFileReference; name = "Inter_24pt-Thin.ttf"; path = "../src/assets/Fonts/Inter_24pt-Thin.ttf"; sourceTree = "<group>"; fileEncoding = undefined; lastKnownFileType = unknown; explicitFileType = undefined; includeInIndex = 0; };
		0E7C307CEA7240EA8565B4E2 /* Inter_24pt-ThinItalic.ttf */ = {isa = PBXFileReference; name = "Inter_24pt-ThinItalic.ttf"; path = "../src/assets/Fonts/Inter_24pt-ThinItalic.ttf"; sourceTree = "<group>"; fileEncoding = undefined; lastKnownFileType = unknown; explicitFileType = undefined; includeInIndex = 0; };
		3C94BA3EB2F34E35A314203E /* Inter_28pt-Black.ttf */ = {isa = PBXFileReference; name = "Inter_28pt-Black.ttf"; path = "../src/assets/Fonts/Inter_28pt-Black.ttf"; sourceTree = "<group>"; fileEncoding = undefined; lastKnownFileType = unknown; explicitFileType = undefined; includeInIndex = 0; };
		521077C2C6184E608C81582A /* Inter_28pt-BlackItalic.ttf */ = {isa = PBXFileReference; name = "Inter_28pt-BlackItalic.ttf"; path = "../src/assets/Fonts/Inter_28pt-BlackItalic.ttf"; sourceTree = "<group>"; fileEncoding = undefined; lastKnownFileType = unknown; explicitFileType = undefined; includeInIndex = 0; };
		9DA2E8572B5E4C7BAEB6324E /* Inter_28pt-Bold.ttf */ = {isa = PBXFileReference; name = "Inter_28pt-Bold.ttf"; path = "../src/assets/Fonts/Inter_28pt-Bold.ttf"; sourceTree = "<group>"; fileEncoding = undefined; lastKnownFileType = unknown; explicitFileType = undefined; includeInIndex = 0; };
		C33BDC5576564402A3A4E676 /* Inter_28pt-BoldItalic.ttf */ = {isa = PBXFileReference; name = "Inter_28pt-BoldItalic.ttf"; path = "../src/assets/Fonts/Inter_28pt-BoldItalic.ttf"; sourceTree = "<group>"; fileEncoding = undefined; lastKnownFileType = unknown; explicitFileType = undefined; includeInIndex = 0; };
		A59C1AD73D34496E98107E43 /* Inter_28pt-ExtraBold.ttf */ = {isa = PBXFileReference; name = "Inter_28pt-ExtraBold.ttf"; path = "../src/assets/Fonts/Inter_28pt-ExtraBold.ttf"; sourceTree = "<group>"; fileEncoding = undefined; lastKnownFileType = unknown; explicitFileType = undefined; includeInIndex = 0; };
		8B995BC866E24CCF9C79100E /* Inter_28pt-ExtraBoldItalic.ttf */ = {isa = PBXFileReference; name = "Inter_28pt-ExtraBoldItalic.ttf"; path = "../src/assets/Fonts/Inter_28pt-ExtraBoldItalic.ttf"; sourceTree = "<group>"; fileEncoding = undefined; lastKnownFileType = unknown; explicitFileType = undefined; includeInIndex = 0; };
		3574A03E7B9F4888A834DC65 /* Inter_28pt-ExtraLight.ttf */ = {isa = PBXFileReference; name = "Inter_28pt-ExtraLight.ttf"; path = "../src/assets/Fonts/Inter_28pt-ExtraLight.ttf"; sourceTree = "<group>"; fileEncoding = undefined; lastKnownFileType = unknown; explicitFileType = undefined; includeInIndex = 0; };
		48851DF261B94965B32FE7A9 /* Inter_28pt-ExtraLightItalic.ttf */ = {isa = PBXFileReference; name = "Inter_28pt-ExtraLightItalic.ttf"; path = "../src/assets/Fonts/Inter_28pt-ExtraLightItalic.ttf"; sourceTree = "<group>"; fileEncoding = undefined; lastKnownFileType = unknown; explicitFileType = undefined; includeInIndex = 0; };
		DEC5E37C85BD4B47A011A844 /* Inter_28pt-Italic.ttf */ = {isa = PBXFileReference; name = "Inter_28pt-Italic.ttf"; path = "../src/assets/Fonts/Inter_28pt-Italic.ttf"; sourceTree = "<group>"; fileEncoding = undefined; lastKnownFileType = unknown; explicitFileType = undefined; includeInIndex = 0; };
		98367003991A47B69A34ACC3 /* Inter_28pt-Light.ttf */ = {isa = PBXFileReference; name = "Inter_28pt-Light.ttf"; path = "../src/assets/Fonts/Inter_28pt-Light.ttf"; sourceTree = "<group>"; fileEncoding = undefined; lastKnownFileType = unknown; explicitFileType = undefined; includeInIndex = 0; };
		BE9B5FF1CBD1486D978288BF /* Inter_28pt-LightItalic.ttf */ = {isa = PBXFileReference; name = "Inter_28pt-LightItalic.ttf"; path = "../src/assets/Fonts/Inter_28pt-LightItalic.ttf"; sourceTree = "<group>"; fileEncoding = undefined; lastKnownFileType = unknown; explicitFileType = undefined; includeInIndex = 0; };
		E226064063294937814A2D1A /* Inter_28pt-Medium.ttf */ = {isa = PBXFileReference; name = "Inter_28pt-Medium.ttf"; path = "../src/assets/Fonts/Inter_28pt-Medium.ttf"; sourceTree = "<group>"; fileEncoding = undefined; lastKnownFileType = unknown; explicitFileType = undefined; includeInIndex = 0; };
		823DB7C895C34348863C8454 /* Inter_28pt-MediumItalic.ttf */ = {isa = PBXFileReference; name = "Inter_28pt-MediumItalic.ttf"; path = "../src/assets/Fonts/Inter_28pt-MediumItalic.ttf"; sourceTree = "<group>"; fileEncoding = undefined; lastKnownFileType = unknown; explicitFileType = undefined; includeInIndex = 0; };
		F574DCDE3998460BAA88426B /* Inter_28pt-Regular.ttf */ = {isa = PBXFileReference; name = "Inter_28pt-Regular.ttf"; path = "../src/assets/Fonts/Inter_28pt-Regular.ttf"; sourceTree = "<group>"; fileEncoding = undefined; lastKnownFileType = unknown; explicitFileType = undefined; includeInIndex = 0; };
		F397E7C74DF54A34BC869C97 /* Inter_28pt-SemiBold.ttf */ = {isa = PBXFileReference; name = "Inter_28pt-SemiBold.ttf"; path = "../src/assets/Fonts/Inter_28pt-SemiBold.ttf"; sourceTree = "<group>"; fileEncoding = undefined; lastKnownFileType = unknown; explicitFileType = undefined; includeInIndex = 0; };
		D420E8F1C84846C6844B34C6 /* Inter_28pt-SemiBoldItalic.ttf */ = {isa = PBXFileReference; name = "Inter_28pt-SemiBoldItalic.ttf"; path = "../src/assets/Fonts/Inter_28pt-SemiBoldItalic.ttf"; sourceTree = "<group>"; fileEncoding = undefined; lastKnownFileType = unknown; explicitFileType = undefined; includeInIndex = 0; };
		998F8443CEED4E7FAF720AAD /* Inter_28pt-Thin.ttf */ = {isa = PBXFileReference; name = "Inter_28pt-Thin.ttf"; path = "../src/assets/Fonts/Inter_28pt-Thin.ttf"; sourceTree = "<group>"; fileEncoding = undefined; lastKnownFileType = unknown; explicitFileType = undefined; includeInIndex = 0; };
		548C191D048049DD921CA467 /* Inter_28pt-ThinItalic.ttf */ = {isa = PBXFileReference; name = "Inter_28pt-ThinItalic.ttf"; path = "../src/assets/Fonts/Inter_28pt-ThinItalic.ttf"; sourceTree = "<group>"; fileEncoding = undefined; lastKnownFileType = unknown; explicitFileType = undefined; includeInIndex = 0; };
/* End PBXFileReference section */

/* Begin PBXFrameworksBuildPhase section */
		13B07F8C1A680F5B00A75B9A /* Frameworks */ = {
			isa = PBXFrameworksBuildPhase;
			buildActionMask = 2147483647;
			files = (
				0C80B921A6F3F58F76C31292 /* libPods-Milan.a in Frameworks */,
			);
			runOnlyForDeploymentPostprocessing = 0;
		};
/* End PBXFrameworksBuildPhase section */

/* Begin PBXGroup section */
		13B07FAE1A68108700A75B9A /* Milan */ = {
			isa = PBXGroup;
			children = (
				13B07FB51A68108700A75B9A /* Images.xcassets */,
				761780EC2CA45674006654EE /* AppDelegate.swift */,
				13B07FB61A68108700A75B9A /* Info.plist */,
				81AB9BB72411601600AC10FF /* LaunchScreen.storyboard */,
				13B07FB81A68108700A75B9A /* PrivacyInfo.xcprivacy */,
			);
			name = Milan;
			sourceTree = "<group>";
		};
		2D16E6871FA4F8E400B85C8A /* Frameworks */ = {
			isa = PBXGroup;
			children = (
				ED297162215061F000B7C4FE /* JavaScriptCore.framework */,
				5DCACB8F33CDC322A6C60F78 /* libPods-Milan.a */,
			);
			name = Frameworks;
			sourceTree = "<group>";
		};
		832341AE1AAA6A7D00B99B32 /* Libraries */ = {
			isa = PBXGroup;
			children = (
			);
			name = Libraries;
			sourceTree = "<group>";
		};
		83CBB9F61A601CBA00E9B192 = {
			isa = PBXGroup;
			children = (
				13B07FAE1A68108700A75B9A /* Milan */,
				832341AE1AAA6A7D00B99B32 /* Libraries */,
				83CBBA001A601CBA00E9B192 /* Products */,
				2D16E6871FA4F8E400B85C8A /* Frameworks */,
				BBD78D7AC51CEA395F1C20DB /* Pods */,
				56873B33101241B291B2E6B6 /* Resources */,
			);
			indentWidth = 2;
			sourceTree = "<group>";
			tabWidth = 2;
			usesTabs = 0;
		};
		83CBBA001A601CBA00E9B192 /* Products */ = {
			isa = PBXGroup;
			children = (
				13B07F961A680F5B00A75B9A /* Milan.app */,
			);
			name = Products;
			sourceTree = "<group>";
		};
		BBD78D7AC51CEA395F1C20DB /* Pods */ = {
			isa = PBXGroup;
			children = (
				3B4392A12AC88292D35C810B /* Pods-Milan.debug.xcconfig */,
				5709B34CF0A7D63546082F79 /* Pods-Milan.release.xcconfig */,
			);
			path = Pods;
			sourceTree = "<group>";
		};
		56873B33101241B291B2E6B6 /* Resources */ = {
			isa = "PBXGroup";
			children = (
				C9BB1C532DC64362B7A81645 /* Urbanist-Black.ttf */,
				86772F2E8D4E4376B28189AF /* Urbanist-BlackItalic.ttf */,
				F57B2EE5CA964809A969BCED /* Urbanist-Bold.ttf */,
				B791E6A0D9C142148CCD4285 /* Urbanist-BoldItalic.ttf */,
				00C036D7CC274F5F8E8CBF6C /* Urbanist-ExtraBold.ttf */,
				6B29001259D445C5AC9E02E5 /* Urbanist-ExtraBoldItalic.ttf */,
				3AD34E0A9CE34C52B00B0213 /* Urbanist-ExtraLight.ttf */,
				BAAF7D5693E7439590E4CB26 /* Urbanist-ExtraLightItalic.ttf */,
				C163927F72BD48269FB6CF72 /* Urbanist-Italic.ttf */,
				19D015ACF5B24FFABF89C40F /* Urbanist-Light.ttf */,
				967950EBBA6F43709B6D81DE /* Urbanist-LightItalic.ttf */,
				25D1A7E6E8BC429885CA0734 /* Urbanist-Medium.ttf */,
				0558089F37464A36843B1151 /* Urbanist-MediumItalic.ttf */,
				3FF6CA38CFD5497687143B18 /* Urbanist-Regular.ttf */,
				0F456103AEAF4DF2BF04A1EE /* Urbanist-SemiBold.ttf */,
				CF16D14AD10F4D7E887C89F6 /* Urbanist-SemiBoldItalic.ttf */,
				6CD605230FC141E9891F604F /* Urbanist-Thin.ttf */,
				DE436BD43B0946FBA237F870 /* Urbanist-ThinItalic.ttf */,
				3B66CA1F3CC1443C8B4B634C /* Inter_18pt-Black.ttf */,
				10CE698E9A23402CB6D0EA30 /* Inter_18pt-BlackItalic.ttf */,
				9929FC35652D43A09279D396 /* Inter_18pt-Bold.ttf */,
				3250D4E113F547A5A311AB51 /* Inter_18pt-BoldItalic.ttf */,
				A16E87B635944FBCBA779A5C /* Inter_18pt-ExtraBold.ttf */,
				57C8FE726890479F87E6B9C7 /* Inter_18pt-ExtraBoldItalic.ttf */,
				0F9776596BBC413AA3CA3185 /* Inter_18pt-ExtraLight.ttf */,
				BE52651F4FF44B6EB01A899F /* Inter_18pt-ExtraLightItalic.ttf */,
				C18313F3B78C447EA6624828 /* Inter_18pt-Italic.ttf */,
				0C10BC54BF3E4926B1530D4B /* Inter_18pt-Light.ttf */,
				ADDA32689B2E43ADB891E2CA /* Inter_18pt-LightItalic.ttf */,
				5B53EDD2D14F4EA39320FB75 /* Inter_18pt-Medium.ttf */,
				84C732FF3A41433096D26565 /* Inter_18pt-MediumItalic.ttf */,
				5CB7BCBA86F64E609154EFDD /* Inter_18pt-Regular.ttf */,
				7BA3826BE46246E3AB43D4BB /* Inter_18pt-SemiBold.ttf */,
				ED7C01117E204C9D92BA06A0 /* Inter_18pt-SemiBoldItalic.ttf */,
				2186EB62DF9B478AA47609BE /* Inter_18pt-Thin.ttf */,
				288C22B69539420386B5666B /* Inter_18pt-ThinItalic.ttf */,
				1DC3529C6CC041CB8D682FA5 /* Inter_24pt-Black.ttf */,
				241EFED7D5ED4535ACE2FA47 /* Inter_24pt-BlackItalic.ttf */,
				1F6AFFB7AED4441F90F83052 /* Inter_24pt-Bold.ttf */,
				EAEC993B6C254D1DA6FF44EE /* Inter_24pt-BoldItalic.ttf */,
				5BE46B57BDAF44E2875B6186 /* Inter_24pt-ExtraBold.ttf */,
				FF03D32C3F2C4E0C93D16043 /* Inter_24pt-ExtraBoldItalic.ttf */,
				9A90BFF9545E4D189E1C352B /* Inter_24pt-ExtraLight.ttf */,
				5967399BFB8C4C81ABE259CB /* Inter_24pt-ExtraLightItalic.ttf */,
				F18691FBCC174873A8746CE4 /* Inter_24pt-Italic.ttf */,
				8175D8AA689D423986E1E4B3 /* Inter_24pt-Light.ttf */,
				367120F9270A4AECAE746BFA /* Inter_24pt-LightItalic.ttf */,
				4549BA48A49E4CA4BE11B5A5 /* Inter_24pt-Medium.ttf */,
				B411160E3AC54A9499A7FFAC /* Inter_24pt-MediumItalic.ttf */,
				1E78EE24799C4F14852C59DD /* Inter_24pt-Regular.ttf */,
				8B3F36A4B4A04A0BA2A59761 /* Inter_24pt-SemiBold.ttf */,
				F996E1631A1D4B239A38CA09 /* Inter_24pt-SemiBoldItalic.ttf */,
				EC9F438743134507B1CFE7A5 /* Inter_24pt-Thin.ttf */,
				0E7C307CEA7240EA8565B4E2 /* Inter_24pt-ThinItalic.ttf */,
				3C94BA3EB2F34E35A314203E /* Inter_28pt-Black.ttf */,
				521077C2C6184E608C81582A /* Inter_28pt-BlackItalic.ttf */,
				9DA2E8572B5E4C7BAEB6324E /* Inter_28pt-Bold.ttf */,
				C33BDC5576564402A3A4E676 /* Inter_28pt-BoldItalic.ttf */,
				A59C1AD73D34496E98107E43 /* Inter_28pt-ExtraBold.ttf */,
				8B995BC866E24CCF9C79100E /* Inter_28pt-ExtraBoldItalic.ttf */,
				3574A03E7B9F4888A834DC65 /* Inter_28pt-ExtraLight.ttf */,
				48851DF261B94965B32FE7A9 /* Inter_28pt-ExtraLightItalic.ttf */,
				DEC5E37C85BD4B47A011A844 /* Inter_28pt-Italic.ttf */,
				98367003991A47B69A34ACC3 /* Inter_28pt-Light.ttf */,
				BE9B5FF1CBD1486D978288BF /* Inter_28pt-LightItalic.ttf */,
				E226064063294937814A2D1A /* Inter_28pt-Medium.ttf */,
				823DB7C895C34348863C8454 /* Inter_28pt-MediumItalic.ttf */,
				F574DCDE3998460BAA88426B /* Inter_28pt-Regular.ttf */,
				F397E7C74DF54A34BC869C97 /* Inter_28pt-SemiBold.ttf */,
				D420E8F1C84846C6844B34C6 /* Inter_28pt-SemiBoldItalic.ttf */,
				998F8443CEED4E7FAF720AAD /* Inter_28pt-Thin.ttf */,
				548C191D048049DD921CA467 /* Inter_28pt-ThinItalic.ttf */,
			);
			name = Resources;
			sourceTree = "<group>";
			path = "";
		};
/* End PBXGroup section */

/* Begin PBXNativeTarget section */
		13B07F861A680F5B00A75B9A /* Milan */ = {
			isa = PBXNativeTarget;
			buildConfigurationList = 13B07F931A680F5B00A75B9A /* Build configuration list for PBXNativeTarget "Milan" */;
			buildPhases = (
				C38B50BA6285516D6DCD4F65 /* [CP] Check Pods Manifest.lock */,
				13B07F871A680F5B00A75B9A /* Sources */,
				13B07F8C1A680F5B00A75B9A /* Frameworks */,
				13B07F8E1A680F5B00A75B9A /* Resources */,
				00DD1BFF1BD5951E006B06BC /* Bundle React Native code and images */,
				00EEFC60759A1932668264C0 /* [CP] Embed Pods Frameworks */,
				E235C05ADACE081382539298 /* [CP] Copy Pods Resources */,
			);
			buildRules = (
			);
			dependencies = (
			);
			name = Milan;
			productName = Milan;
			productReference = 13B07F961A680F5B00A75B9A /* Milan.app */;
			productType = "com.apple.product-type.application";
		};
/* End PBXNativeTarget section */

/* Begin PBXProject section */
		83CBB9F71A601CBA00E9B192 /* Project object */ = {
			isa = PBXProject;
			attributes = {
				LastUpgradeCheck = 1210;
				TargetAttributes = {
					13B07F861A680F5B00A75B9A = {
						LastSwiftMigration = 1120;
					};
				};
			};
			buildConfigurationList = 83CBB9FA1A601CBA00E9B192 /* Build configuration list for PBXProject "Milan" */;
			compatibilityVersion = "Xcode 12.0";
			developmentRegion = en;
			hasScannedForEncodings = 0;
			knownRegions = (
				en,
				Base,
			);
			mainGroup = 83CBB9F61A601CBA00E9B192;
			productRefGroup = 83CBBA001A601CBA00E9B192 /* Products */;
			projectDirPath = "";
			projectRoot = "";
			targets = (
				13B07F861A680F5B00A75B9A /* Milan */,
			);
		};
/* End PBXProject section */

/* Begin PBXResourcesBuildPhase section */
		13B07F8E1A680F5B00A75B9A /* Resources */ = {
			isa = PBXResourcesBuildPhase;
			buildActionMask = 2147483647;
			files = (
				81AB9BB82411601600AC10FF /* LaunchScreen.storyboard in Resources */,
				13B07FBF1A68108700A75B9A /* Images.xcassets in Resources */,
				24E3A214C84444079EDA9AE2 /* Urbanist-Black.ttf in Resources */,
				895EF41C1BA24208A4CD25CB /* Urbanist-BlackItalic.ttf in Resources */,
				7FFEB63B93994708BB1C16F6 /* Urbanist-Bold.ttf in Resources */,
				6B5420245F814262B611954C /* Urbanist-BoldItalic.ttf in Resources */,
				294B4A0A45534C29908CE69C /* Urbanist-ExtraBold.ttf in Resources */,
				28D8FFDFD9074284B5DDCF22 /* Urbanist-ExtraBoldItalic.ttf in Resources */,
				39CA492CA6A04E0F8E1C97EB /* Urbanist-ExtraLight.ttf in Resources */,
				E1397EC7291B44DF81B5736A /* Urbanist-ExtraLightItalic.ttf in Resources */,
				9AF2AC105E484ADBA8F20629 /* Urbanist-Italic.ttf in Resources */,
				215772C348B541828B499C00 /* Urbanist-Light.ttf in Resources */,
				2953FC21EB0A49AD8424AB3C /* Urbanist-LightItalic.ttf in Resources */,
				70C7AF8DB6EF4E2AAAFDAD95 /* Urbanist-Medium.ttf in Resources */,
				D0FB6DE77A7F41619FAD2E99 /* Urbanist-MediumItalic.ttf in Resources */,
				CE2CC21CB09F418B9FC38272 /* Urbanist-Regular.ttf in Resources */,
				9FA100F1C737482CA843FB90 /* Urbanist-SemiBold.ttf in Resources */,
				EEBD959B61894F5DB7D9155B /* Urbanist-SemiBoldItalic.ttf in Resources */,
				E892346DA49B4B049288D32F /* Urbanist-Thin.ttf in Resources */,
				FB1EBEFCD16C43CC9978193B /* Urbanist-ThinItalic.ttf in Resources */,
				1836C8385D25492E8A4AA245 /* Inter_18pt-Black.ttf in Resources */,
				97112F7D8CA148C3B00903C6 /* Inter_18pt-BlackItalic.ttf in Resources */,
				3F86499886C94A06A38040B4 /* Inter_18pt-Bold.ttf in Resources */,
				6EC3148950A84E4A91F65086 /* Inter_18pt-BoldItalic.ttf in Resources */,
				05C6395B0FA04A6E85968BAE /* Inter_18pt-ExtraBold.ttf in Resources */,
				AC1AEC3D78B8477988E79ED0 /* Inter_18pt-ExtraBoldItalic.ttf in Resources */,
				B05AA88674A6444EAAE4CD9A /* Inter_18pt-ExtraLight.ttf in Resources */,
				B9F45FAC91F042D89E5127F0 /* Inter_18pt-ExtraLightItalic.ttf in Resources */,
				08046B804E094F6DAC4F34A8 /* Inter_18pt-Italic.ttf in Resources */,
				842C3BA0FBC84AE7A5CD1555 /* Inter_18pt-Light.ttf in Resources */,
				BCF7A3BEC25B4BEA91432BAB /* Inter_18pt-LightItalic.ttf in Resources */,
				FF6776076E7F4F94AB17F1A9 /* Inter_18pt-Medium.ttf in Resources */,
				446FEE03A56049D3B25CB9A1 /* Inter_18pt-MediumItalic.ttf in Resources */,
				8DBAFEB0EAAB4304AED9ABA6 /* Inter_18pt-Regular.ttf in Resources */,
				D61DBCC59675466E8FA33388 /* Inter_18pt-SemiBold.ttf in Resources */,
				878C476794B04F91A7663206 /* Inter_18pt-SemiBoldItalic.ttf in Resources */,
				F929BEE04D7045D586E63228 /* Inter_18pt-Thin.ttf in Resources */,
				53A73BF8FDE440669CE29324 /* Inter_18pt-ThinItalic.ttf in Resources */,
				8CE741FE41174A80BBB36ADD /* Inter_24pt-Black.ttf in Resources */,
				1B347848968D4703819B490A /* Inter_24pt-BlackItalic.ttf in Resources */,
				72CED876E03845B4825A1112 /* Inter_24pt-Bold.ttf in Resources */,
				7FBC1855527D4DFBAA0E7654 /* Inter_24pt-BoldItalic.ttf in Resources */,
				3467F6AD80DE42D2A6C72D3F /* Inter_24pt-ExtraBold.ttf in Resources */,
				EF78B8BAFF334B0C9A4CD6CA /* Inter_24pt-ExtraBoldItalic.ttf in Resources */,
				6EC9C25FA0E04D3B99F26E43 /* Inter_24pt-ExtraLight.ttf in Resources */,
				FC1A4C42687A4668A69CDB26 /* Inter_24pt-ExtraLightItalic.ttf in Resources */,
				F646D496298649A58372E460 /* Inter_24pt-Italic.ttf in Resources */,
				1CF726CD4A284BD1AE6C8B00 /* Inter_24pt-Light.ttf in Resources */,
				4D51CF5EFE7040B7AA634556 /* Inter_24pt-LightItalic.ttf in Resources */,
				D48FDF012BD64CD881BCBD0C /* Inter_24pt-Medium.ttf in Resources */,
				6A7DC2E3F41C43978CEF190D /* Inter_24pt-MediumItalic.ttf in Resources */,
				748F14BE63604010B3C179D3 /* Inter_24pt-Regular.ttf in Resources */,
				A7C8CBF44A7842E79F9755D5 /* Inter_24pt-SemiBold.ttf in Resources */,
				A7A117068CF24EACB111AB6F /* Inter_24pt-SemiBoldItalic.ttf in Resources */,
				F178CA090FFD4678AE45C41B /* Inter_24pt-Thin.ttf in Resources */,
				69E99B8FB9FF4A3F9DAFFA13 /* Inter_24pt-ThinItalic.ttf in Resources */,
				27C9C687892B477C9197B712 /* Inter_28pt-Black.ttf in Resources */,
				1916E14421044AD29167AB49 /* Inter_28pt-BlackItalic.ttf in Resources */,
				16BB8DB4FBEC47BB9D19860C /* Inter_28pt-Bold.ttf in Resources */,
				1B51BBEF246F4C278F0A326B /* Inter_28pt-BoldItalic.ttf in Resources */,
				1FEF4870FAD8445685FC2A2B /* Inter_28pt-ExtraBold.ttf in Resources */,
				76AEC2FE29D1416E80CD1FE6 /* Inter_28pt-ExtraBoldItalic.ttf in Resources */,
				80C36BD134B94E84AE306E4B /* Inter_28pt-ExtraLight.ttf in Resources */,
				8BA255EEC2A04BAFA756FF42 /* Inter_28pt-ExtraLightItalic.ttf in Resources */,
				02F9AAF372D947B6AF3FC110 /* Inter_28pt-Italic.ttf in Resources */,
				902C254022BB43A8B5BBD5C1 /* Inter_28pt-Light.ttf in Resources */,
				5CF21313996B475CAB66D58A /* Inter_28pt-LightItalic.ttf in Resources */,
				1FE82C518C0941BE929C9672 /* Inter_28pt-Medium.ttf in Resources */,
				B9883D2B045B455796A31A2C /* Inter_28pt-MediumItalic.ttf in Resources */,
				B6959E2EB6044EBAA275192B /* Inter_28pt-Regular.ttf in Resources */,
				F3725285C76146868AD76E95 /* Inter_28pt-SemiBold.ttf in Resources */,
				89D1FE489AC24AFA8A9E2635 /* Inter_28pt-SemiBoldItalic.ttf in Resources */,
				A767075D884B4922AC260F86 /* Inter_28pt-Thin.ttf in Resources */,
				1AB7209905F7452E828CBEBA /* Inter_28pt-ThinItalic.ttf in Resources */,
			);
			runOnlyForDeploymentPostprocessing = 0;
		};
/* End PBXResourcesBuildPhase section */

/* Begin PBXShellScriptBuildPhase section */
		00DD1BFF1BD5951E006B06BC /* Bundle React Native code and images */ = {
			isa = PBXShellScriptBuildPhase;
			buildActionMask = 2147483647;
			files = (
			);
			inputPaths = (
				"$(SRCROOT)/.xcode.env.local",
				"$(SRCROOT)/.xcode.env",
			);
			name = "Bundle React Native code and images";
			outputPaths = (
			);
			runOnlyForDeploymentPostprocessing = 0;
			shellPath = /bin/sh;
			shellScript = "set -e\n\nWITH_ENVIRONMENT=\"$REACT_NATIVE_PATH/scripts/xcode/with-environment.sh\"\nREACT_NATIVE_XCODE=\"$REACT_NATIVE_PATH/scripts/react-native-xcode.sh\"\n\n/bin/sh -c \"$WITH_ENVIRONMENT $REACT_NATIVE_XCODE\"\n";
		};
		00EEFC60759A1932668264C0 /* [CP] Embed Pods Frameworks */ = {
			isa = PBXShellScriptBuildPhase;
			buildActionMask = 2147483647;
			files = (
			);
			inputFileListPaths = (
				"${PODS_ROOT}/Target Support Files/Pods-Milan/Pods-Milan-frameworks-${CONFIGURATION}-input-files.xcfilelist",
			);
			name = "[CP] Embed Pods Frameworks";
			outputFileListPaths = (
				"${PODS_ROOT}/Target Support Files/Pods-Milan/Pods-Milan-frameworks-${CONFIGURATION}-output-files.xcfilelist",
			);
			runOnlyForDeploymentPostprocessing = 0;
			shellPath = /bin/sh;
			shellScript = "\"${PODS_ROOT}/Target Support Files/Pods-Milan/Pods-Milan-frameworks.sh\"\n";
			showEnvVarsInLog = 0;
		};
		C38B50BA6285516D6DCD4F65 /* [CP] Check Pods Manifest.lock */ = {
			isa = PBXShellScriptBuildPhase;
			buildActionMask = 2147483647;
			files = (
			);
			inputFileListPaths = (
			);
			inputPaths = (
				"${PODS_PODFILE_DIR_PATH}/Podfile.lock",
				"${PODS_ROOT}/Manifest.lock",
			);
			name = "[CP] Check Pods Manifest.lock";
			outputFileListPaths = (
			);
			outputPaths = (
				"$(DERIVED_FILE_DIR)/Pods-Milan-checkManifestLockResult.txt",
			);
			runOnlyForDeploymentPostprocessing = 0;
			shellPath = /bin/sh;
			shellScript = "diff \"${PODS_PODFILE_DIR_PATH}/Podfile.lock\" \"${PODS_ROOT}/Manifest.lock\" > /dev/null\nif [ $? != 0 ] ; then\n    # print error to STDERR\n    echo \"error: The sandbox is not in sync with the Podfile.lock. Run 'pod install' or update your CocoaPods installation.\" >&2\n    exit 1\nfi\n# This output is used by Xcode 'outputs' to avoid re-running this script phase.\necho \"SUCCESS\" > \"${SCRIPT_OUTPUT_FILE_0}\"\n";
			showEnvVarsInLog = 0;
		};
		E235C05ADACE081382539298 /* [CP] Copy Pods Resources */ = {
			isa = PBXShellScriptBuildPhase;
			buildActionMask = 2147483647;
			files = (
			);
			inputFileListPaths = (
				"${PODS_ROOT}/Target Support Files/Pods-Milan/Pods-Milan-resources-${CONFIGURATION}-input-files.xcfilelist",
			);
			name = "[CP] Copy Pods Resources";
			outputFileListPaths = (
				"${PODS_ROOT}/Target Support Files/Pods-Milan/Pods-Milan-resources-${CONFIGURATION}-output-files.xcfilelist",
			);
			runOnlyForDeploymentPostprocessing = 0;
			shellPath = /bin/sh;
			shellScript = "\"${PODS_ROOT}/Target Support Files/Pods-Milan/Pods-Milan-resources.sh\"\n";
			showEnvVarsInLog = 0;
		};
/* End PBXShellScriptBuildPhase section */

/* Begin PBXSourcesBuildPhase section */
		13B07F871A680F5B00A75B9A /* Sources */ = {
			isa = PBXSourcesBuildPhase;
			buildActionMask = 2147483647;
			files = (
				761780ED2CA45674006654EE /* AppDelegate.swift in Sources */,
			);
			runOnlyForDeploymentPostprocessing = 0;
		};
/* End PBXSourcesBuildPhase section */

/* Begin XCBuildConfiguration section */
		13B07F941A680F5B00A75B9A /* Debug */ = {
			isa = XCBuildConfiguration;
			baseConfigurationReference = 3B4392A12AC88292D35C810B /* Pods-Milan.debug.xcconfig */;
			buildSettings = {
				ASSETCATALOG_COMPILER_APPICON_NAME = AppIcon;
				CLANG_ENABLE_MODULES = YES;
				CURRENT_PROJECT_VERSION = 1;
				ENABLE_BITCODE = NO;
				INFOPLIST_FILE = Milan/Info.plist;
				IPHONEOS_DEPLOYMENT_TARGET = 15.1;
				LD_RUNPATH_SEARCH_PATHS = (
					"$(inherited)",
					"@executable_path/Frameworks",
				);
				MARKETING_VERSION = 1.0;
				OTHER_LDFLAGS = (
					"$(inherited)",
					"-ObjC",
					"-lc++",
				);
				PRODUCT_BUNDLE_IDENTIFIER = "org.reactjs.native.example.$(PRODUCT_NAME:rfc1034identifier)";
				PRODUCT_NAME = Milan;
				SWIFT_OPTIMIZATION_LEVEL = "-Onone";
				SWIFT_VERSION = 5.0;
				VERSIONING_SYSTEM = "apple-generic";
			};
			name = Debug;
		};
		13B07F951A680F5B00A75B9A /* Release */ = {
			isa = XCBuildConfiguration;
			baseConfigurationReference = 5709B34CF0A7D63546082F79 /* Pods-Milan.release.xcconfig */;
			buildSettings = {
				ASSETCATALOG_COMPILER_APPICON_NAME = AppIcon;
				CLANG_ENABLE_MODULES = YES;
				CURRENT_PROJECT_VERSION = 1;
				INFOPLIST_FILE = Milan/Info.plist;
				IPHONEOS_DEPLOYMENT_TARGET = 15.1;
				LD_RUNPATH_SEARCH_PATHS = (
					"$(inherited)",
					"@executable_path/Frameworks",
				);
				MARKETING_VERSION = 1.0;
				OTHER_LDFLAGS = (
					"$(inherited)",
					"-ObjC",
					"-lc++",
				);
				PRODUCT_BUNDLE_IDENTIFIER = "org.reactjs.native.example.$(PRODUCT_NAME:rfc1034identifier)";
				PRODUCT_NAME = Milan;
				SWIFT_VERSION = 5.0;
				VERSIONING_SYSTEM = "apple-generic";
			};
			name = Release;
		};
		83CBBA201A601CBA00E9B192 /* Debug */ = {
			isa = XCBuildConfiguration;
			buildSettings = {
				ALWAYS_SEARCH_USER_PATHS = NO;
				CLANG_ANALYZER_LOCALIZABILITY_NONLOCALIZED = YES;
				CLANG_CXX_LANGUAGE_STANDARD = "c++20";
				CLANG_CXX_LIBRARY = "libc++";
				CLANG_ENABLE_MODULES = YES;
				CLANG_ENABLE_OBJC_ARC = YES;
				CLANG_WARN_BLOCK_CAPTURE_AUTORELEASING = YES;
				CLANG_WARN_BOOL_CONVERSION = YES;
				CLANG_WARN_COMMA = YES;
				CLANG_WARN_CONSTANT_CONVERSION = YES;
				CLANG_WARN_DEPRECATED_OBJC_IMPLEMENTATIONS = YES;
				CLANG_WARN_DIRECT_OBJC_ISA_USAGE = YES_ERROR;
				CLANG_WARN_EMPTY_BODY = YES;
				CLANG_WARN_ENUM_CONVERSION = YES;
				CLANG_WARN_INFINITE_RECURSION = YES;
				CLANG_WARN_INT_CONVERSION = YES;
				CLANG_WARN_NON_LITERAL_NULL_CONVERSION = YES;
				CLANG_WARN_OBJC_IMPLICIT_RETAIN_SELF = YES;
				CLANG_WARN_OBJC_LITERAL_CONVERSION = YES;
				CLANG_WARN_OBJC_ROOT_CLASS = YES_ERROR;
				CLANG_WARN_QUOTED_INCLUDE_IN_FRAMEWORK_HEADER = YES;
				CLANG_WARN_RANGE_LOOP_ANALYSIS = YES;
				CLANG_WARN_STRICT_PROTOTYPES = YES;
				CLANG_WARN_SUSPICIOUS_MOVE = YES;
				CLANG_WARN_UNREACHABLE_CODE = YES;
				CLANG_WARN__DUPLICATE_METHOD_MATCH = YES;
				"CODE_SIGN_IDENTITY[sdk=iphoneos*]" = "iPhone Developer";
				COPY_PHASE_STRIP = NO;
				ENABLE_STRICT_OBJC_MSGSEND = YES;
				ENABLE_TESTABILITY = YES;
				"EXCLUDED_ARCHS[sdk=iphonesimulator*]" = "";
				GCC_C_LANGUAGE_STANDARD = gnu99;
				GCC_DYNAMIC_NO_PIC = NO;
				GCC_NO_COMMON_BLOCKS = YES;
				GCC_OPTIMIZATION_LEVEL = 0;
				GCC_PREPROCESSOR_DEFINITIONS = (
					"DEBUG=1",
					"$(inherited)",
				);
				GCC_SYMBOLS_PRIVATE_EXTERN = NO;
				GCC_WARN_64_TO_32_BIT_CONVERSION = YES;
				GCC_WARN_ABOUT_RETURN_TYPE = YES_ERROR;
				GCC_WARN_UNDECLARED_SELECTOR = YES;
				GCC_WARN_UNINITIALIZED_AUTOS = YES_AGGRESSIVE;
				GCC_WARN_UNUSED_FUNCTION = YES;
				GCC_WARN_UNUSED_VARIABLE = YES;
				IPHONEOS_DEPLOYMENT_TARGET = 15.1;
				LD_RUNPATH_SEARCH_PATHS = (
					/usr/lib/swift,
					"$(inherited)",
				);
				LIBRARY_SEARCH_PATHS = (
					"\"$(SDKROOT)/usr/lib/swift\"",
					"\"$(TOOLCHAIN_DIR)/usr/lib/swift/$(PLATFORM_NAME)\"",
					"\"$(inherited)\"",
				);
				MTL_ENABLE_DEBUG_INFO = YES;
				ONLY_ACTIVE_ARCH = YES;
				OTHER_CPLUSPLUSFLAGS = (
					"$(OTHER_CFLAGS)",
					"-DFOLLY_NO_CONFIG",
					"-DFOLLY_MOBILE=1",
					"-DFOLLY_USE_LIBCPP=1",
					"-DFOLLY_CFG_NO_COROUTINES=1",
					"-DFOLLY_HAVE_CLOCK_GETTIME=1",
				);
				SDKROOT = iphoneos;
			};
			name = Debug;
		};
		83CBBA211A601CBA00E9B192 /* Release */ = {
			isa = XCBuildConfiguration;
			buildSettings = {
				ALWAYS_SEARCH_USER_PATHS = NO;
				CLANG_ANALYZER_LOCALIZABILITY_NONLOCALIZED = YES;
				CLANG_CXX_LANGUAGE_STANDARD = "c++20";
				CLANG_CXX_LIBRARY = "libc++";
				CLANG_ENABLE_MODULES = YES;
				CLANG_ENABLE_OBJC_ARC = YES;
				CLANG_WARN_BLOCK_CAPTURE_AUTORELEASING = YES;
				CLANG_WARN_BOOL_CONVERSION = YES;
				CLANG_WARN_COMMA = YES;
				CLANG_WARN_CONSTANT_CONVERSION = YES;
				CLANG_WARN_DEPRECATED_OBJC_IMPLEMENTATIONS = YES;
				CLANG_WARN_DIRECT_OBJC_ISA_USAGE = YES_ERROR;
				CLANG_WARN_EMPTY_BODY = YES;
				CLANG_WARN_ENUM_CONVERSION = YES;
				CLANG_WARN_INFINITE_RECURSION = YES;
				CLANG_WARN_INT_CONVERSION = YES;
				CLANG_WARN_NON_LITERAL_NULL_CONVERSION = YES;
				CLANG_WARN_OBJC_IMPLICIT_RETAIN_SELF = YES;
				CLANG_WARN_OBJC_LITERAL_CONVERSION = YES;
				CLANG_WARN_OBJC_ROOT_CLASS = YES_ERROR;
				CLANG_WARN_QUOTED_INCLUDE_IN_FRAMEWORK_HEADER = YES;
				CLANG_WARN_RANGE_LOOP_ANALYSIS = YES;
				CLANG_WARN_STRICT_PROTOTYPES = YES;
				CLANG_WARN_SUSPICIOUS_MOVE = YES;
				CLANG_WARN_UNREACHABLE_CODE = YES;
				CLANG_WARN__DUPLICATE_METHOD_MATCH = YES;
				"CODE_SIGN_IDENTITY[sdk=iphoneos*]" = "iPhone Developer";
				COPY_PHASE_STRIP = YES;
				ENABLE_NS_ASSERTIONS = NO;
				ENABLE_STRICT_OBJC_MSGSEND = YES;
				"EXCLUDED_ARCHS[sdk=iphonesimulator*]" = "";
				GCC_C_LANGUAGE_STANDARD = gnu99;
				GCC_NO_COMMON_BLOCKS = YES;
				GCC_WARN_64_TO_32_BIT_CONVERSION = YES;
				GCC_WARN_ABOUT_RETURN_TYPE = YES_ERROR;
				GCC_WARN_UNDECLARED_SELECTOR = YES;
				GCC_WARN_UNINITIALIZED_AUTOS = YES_AGGRESSIVE;
				GCC_WARN_UNUSED_FUNCTION = YES;
				GCC_WARN_UNUSED_VARIABLE = YES;
				IPHONEOS_DEPLOYMENT_TARGET = 15.1;
				LD_RUNPATH_SEARCH_PATHS = (
					/usr/lib/swift,
					"$(inherited)",
				);
				LIBRARY_SEARCH_PATHS = (
					"\"$(SDKROOT)/usr/lib/swift\"",
					"\"$(TOOLCHAIN_DIR)/usr/lib/swift/$(PLATFORM_NAME)\"",
					"\"$(inherited)\"",
				);
				MTL_ENABLE_DEBUG_INFO = NO;
				OTHER_CPLUSPLUSFLAGS = (
					"$(OTHER_CFLAGS)",
					"-DFOLLY_NO_CONFIG",
					"-DFOLLY_MOBILE=1",
					"-DFOLLY_USE_LIBCPP=1",
					"-DFOLLY_CFG_NO_COROUTINES=1",
					"-DFOLLY_HAVE_CLOCK_GETTIME=1",
				);
				SDKROOT = iphoneos;
				VALIDATE_PRODUCT = YES;
			};
			name = Release;
		};
/* End XCBuildConfiguration section */

/* Begin XCConfigurationList section */
		13B07F931A680F5B00A75B9A /* Build configuration list for PBXNativeTarget "Milan" */ = {
			isa = XCConfigurationList;
			buildConfigurations = (
				13B07F941A680F5B00A75B9A /* Debug */,
				13B07F951A680F5B00A75B9A /* Release */,
			);
			defaultConfigurationIsVisible = 0;
			defaultConfigurationName = Release;
		};
		83CBB9FA1A601CBA00E9B192 /* Build configuration list for PBXProject "Milan" */ = {
			isa = XCConfigurationList;
			buildConfigurations = (
				83CBBA201A601CBA00E9B192 /* Debug */,
				83CBBA211A601CBA00E9B192 /* Release */,
			);
			defaultConfigurationIsVisible = 0;
			defaultConfigurationName = Release;
		};
/* End XCConfigurationList section */
	};
	rootObject = 83CBB9F71A601CBA00E9B192 /* Project object */;
}
